// !$*UTF8*$!
{
	archiveVersion = 1;
	classes = {
	};
	objectVersion = 56;
	objects = {

/* Begin PBXBuildFile section */
		7A234BED2CF0E8F9003B546E /* RMCharacterDetailView.swift in Sources */ = {isa = PBXBuildFile; fileRef = 7A234BEC2CF0E8F9003B546E /* RMCharacterDetailView.swift */; };
		7A316EBE2CF1406900A97B6A /* ColorExtension.swift in Sources */ = {isa = PBXBuildFile; fileRef = 7A316EBD2CF1406900A97B6A /* ColorExtension.swift */; };
		7A4D70ED2CEFC59E009F88A3 /* RickAndMortyApp.swift in Sources */ = {isa = PBXBuildFile; fileRef = 7A4D70EC2CEFC59E009F88A3 /* RickAndMortyApp.swift */; };
		7A4D70EF2CEFC59E009F88A3 /* RMTabView.swift in Sources */ = {isa = PBXBuildFile; fileRef = 7A4D70EE2CEFC59E009F88A3 /* RMTabView.swift */; };
		7A4D70F12CEFC5A0009F88A3 /* Assets.xcassets in Resources */ = {isa = PBXBuildFile; fileRef = 7A4D70F02CEFC5A0009F88A3 /* Assets.xcassets */; };
		7A4D70F42CEFC5A0009F88A3 /* Preview Assets.xcassets in Resources */ = {isa = PBXBuildFile; fileRef = 7A4D70F32CEFC5A0009F88A3 /* Preview Assets.xcassets */; };
		7A5F17B72CEFC8D6003E0F45 /* RMLocation.swift in Sources */ = {isa = PBXBuildFile; fileRef = 7A5F17B62CEFC8D6003E0F45 /* RMLocation.swift */; };
		7A5F17BB2CEFC8FA003E0F45 /* RMCharacter.swift in Sources */ = {isa = PBXBuildFile; fileRef = 7A5F17BA2CEFC8FA003E0F45 /* RMCharacter.swift */; };
		7A5F17BD2CEFC912003E0F45 /* RMEpisode.swift in Sources */ = {isa = PBXBuildFile; fileRef = 7A5F17BC2CEFC912003E0F45 /* RMEpisode.swift */; };
		7A5F17C02CEFCE5E003E0F45 /* RMTabIndex.swift in Sources */ = {isa = PBXBuildFile; fileRef = 7A5F17BF2CEFCE5E003E0F45 /* RMTabIndex.swift */; };
		7A5F17C22CEFCFB4003E0F45 /* RMCharacterListView.swift in Sources */ = {isa = PBXBuildFile; fileRef = 7A5F17C12CEFCFB4003E0F45 /* RMCharacterListView.swift */; };
		7A5F17C42CEFCFC9003E0F45 /* RMLocationListView.swift in Sources */ = {isa = PBXBuildFile; fileRef = 7A5F17C32CEFCFC9003E0F45 /* RMLocationListView.swift */; };
		7A5F17C62CEFCFE9003E0F45 /* RMEpisodeListView.swift in Sources */ = {isa = PBXBuildFile; fileRef = 7A5F17C52CEFCFE9003E0F45 /* RMEpisodeListView.swift */; };
		7A5F17C82CEFCFFA003E0F45 /* RMSettingListView.swift in Sources */ = {isa = PBXBuildFile; fileRef = 7A5F17C72CEFCFFA003E0F45 /* RMSettingListView.swift */; };
		7A5F17CA2CEFD460003E0F45 /* RMOrigin.swift in Sources */ = {isa = PBXBuildFile; fileRef = 7A5F17C92CEFD460003E0F45 /* RMOrigin.swift */; };
		7A5F17CC2CEFD4BF003E0F45 /* RMSingleLocation.swift in Sources */ = {isa = PBXBuildFile; fileRef = 7A5F17CB2CEFD4BF003E0F45 /* RMSingleLocation.swift */; };
		7A5F17CE2CEFD5F7003E0F45 /* RMCharacterStatus.swift in Sources */ = {isa = PBXBuildFile; fileRef = 7A5F17CD2CEFD5F7003E0F45 /* RMCharacterStatus.swift */; };
		7A5F17D02CEFD620003E0F45 /* RMCharacterGender.swift in Sources */ = {isa = PBXBuildFile; fileRef = 7A5F17CF2CEFD620003E0F45 /* RMCharacterGender.swift */; };
		7A5F17D52CEFD821003E0F45 /* RMRequest.swift in Sources */ = {isa = PBXBuildFile; fileRef = 7A5F17D42CEFD821003E0F45 /* RMRequest.swift */; };
		7A5F17DB2CEFE572003E0F45 /* RMCharacterViewModel.swift in Sources */ = {isa = PBXBuildFile; fileRef = 7A5F17DA2CEFE572003E0F45 /* RMCharacterViewModel.swift */; };
		7A5F17DD2CEFE9A3003E0F45 /* RMImageDownloader.swift in Sources */ = {isa = PBXBuildFile; fileRef = 7A5F17DC2CEFE9A3003E0F45 /* RMImageDownloader.swift */; };
		7A5F17E12CEFECF0003E0F45 /* RMSpecialImageView.swift in Sources */ = {isa = PBXBuildFile; fileRef = 7A5F17E02CEFECF0003E0F45 /* RMSpecialImageView.swift */; };
		7A8EE9132CF552F4002D742B /* RMLocationViewModel.swift in Sources */ = {isa = PBXBuildFile; fileRef = 7A8EE9122CF552F4002D742B /* RMLocationViewModel.swift */; };
		7A9A8AEE2CF7BF4C00D1140C /* RMFilterView.swift in Sources */ = {isa = PBXBuildFile; fileRef = 7A9A8AED2CF7BF4C00D1140C /* RMFilterView.swift */; };
		7AD86F7F2CF6833900373ECB /* RMEpisodeViewModel.swift in Sources */ = {isa = PBXBuildFile; fileRef = 7AD86F7E2CF6833900373ECB /* RMEpisodeViewModel.swift */; };
/* End PBXBuildFile section */

/* Begin PBXFileReference section */
		7A234BEC2CF0E8F9003B546E /* RMCharacterDetailView.swift */ = {isa = PBXFileReference; lastKnownFileType = sourcecode.swift; path = RMCharacterDetailView.swift; sourceTree = "<group>"; };
		7A316EBD2CF1406900A97B6A /* ColorExtension.swift */ = {isa = PBXFileReference; lastKnownFileType = sourcecode.swift; path = ColorExtension.swift; sourceTree = "<group>"; };
		7A4D70E92CEFC59E009F88A3 /* RickAndMorty.app */ = {isa = PBXFileReference; explicitFileType = wrapper.application; includeInIndex = 0; path = RickAndMorty.app; sourceTree = BUILT_PRODUCTS_DIR; };
		7A4D70EC2CEFC59E009F88A3 /* RickAndMortyApp.swift */ = {isa = PBXFileReference; lastKnownFileType = sourcecode.swift; path = RickAndMortyApp.swift; sourceTree = "<group>"; };
		7A4D70EE2CEFC59E009F88A3 /* RMTabView.swift */ = {isa = PBXFileReference; lastKnownFileType = sourcecode.swift; path = RMTabView.swift; sourceTree = "<group>"; };
		7A4D70F02CEFC5A0009F88A3 /* Assets.xcassets */ = {isa = PBXFileReference; lastKnownFileType = folder.assetcatalog; path = Assets.xcassets; sourceTree = "<group>"; };
		7A4D70F32CEFC5A0009F88A3 /* Preview Assets.xcassets */ = {isa = PBXFileReference; lastKnownFileType = folder.assetcatalog; path = "Preview Assets.xcassets"; sourceTree = "<group>"; };
		7A5F17B62CEFC8D6003E0F45 /* RMLocation.swift */ = {isa = PBXFileReference; lastKnownFileType = sourcecode.swift; path = RMLocation.swift; sourceTree = "<group>"; };
		7A5F17BA2CEFC8FA003E0F45 /* RMCharacter.swift */ = {isa = PBXFileReference; lastKnownFileType = sourcecode.swift; path = RMCharacter.swift; sourceTree = "<group>"; };
		7A5F17BC2CEFC912003E0F45 /* RMEpisode.swift */ = {isa = PBXFileReference; lastKnownFileType = sourcecode.swift; path = RMEpisode.swift; sourceTree = "<group>"; };
		7A5F17BF2CEFCE5E003E0F45 /* RMTabIndex.swift */ = {isa = PBXFileReference; lastKnownFileType = sourcecode.swift; path = RMTabIndex.swift; sourceTree = "<group>"; };
		7A5F17C12CEFCFB4003E0F45 /* RMCharacterListView.swift */ = {isa = PBXFileReference; lastKnownFileType = sourcecode.swift; path = RMCharacterListView.swift; sourceTree = "<group>"; };
		7A5F17C32CEFCFC9003E0F45 /* RMLocationListView.swift */ = {isa = PBXFileReference; lastKnownFileType = sourcecode.swift; path = RMLocationListView.swift; sourceTree = "<group>"; };
		7A5F17C52CEFCFE9003E0F45 /* RMEpisodeListView.swift */ = {isa = PBXFileReference; lastKnownFileType = sourcecode.swift; path = RMEpisodeListView.swift; sourceTree = "<group>"; };
		7A5F17C72CEFCFFA003E0F45 /* RMSettingListView.swift */ = {isa = PBXFileReference; lastKnownFileType = sourcecode.swift; path = RMSettingListView.swift; sourceTree = "<group>"; };
		7A5F17C92CEFD460003E0F45 /* RMOrigin.swift */ = {isa = PBXFileReference; lastKnownFileType = sourcecode.swift; path = RMOrigin.swift; sourceTree = "<group>"; };
		7A5F17CB2CEFD4BF003E0F45 /* RMSingleLocation.swift */ = {isa = PBXFileReference; lastKnownFileType = sourcecode.swift; path = RMSingleLocation.swift; sourceTree = "<group>"; };
		7A5F17CD2CEFD5F7003E0F45 /* RMCharacterStatus.swift */ = {isa = PBXFileReference; lastKnownFileType = sourcecode.swift; path = RMCharacterStatus.swift; sourceTree = "<group>"; };
		7A5F17CF2CEFD620003E0F45 /* RMCharacterGender.swift */ = {isa = PBXFileReference; lastKnownFileType = sourcecode.swift; path = RMCharacterGender.swift; sourceTree = "<group>"; };
		7A5F17D42CEFD821003E0F45 /* RMRequest.swift */ = {isa = PBXFileReference; lastKnownFileType = sourcecode.swift; path = RMRequest.swift; sourceTree = "<group>"; };
		7A5F17DA2CEFE572003E0F45 /* RMCharacterViewModel.swift */ = {isa = PBXFileReference; lastKnownFileType = sourcecode.swift; path = RMCharacterViewModel.swift; sourceTree = "<group>"; };
		7A5F17DC2CEFE9A3003E0F45 /* RMImageDownloader.swift */ = {isa = PBXFileReference; lastKnownFileType = sourcecode.swift; path = RMImageDownloader.swift; sourceTree = "<group>"; };
		7A5F17E02CEFECF0003E0F45 /* RMSpecialImageView.swift */ = {isa = PBXFileReference; lastKnownFileType = sourcecode.swift; path = RMSpecialImageView.swift; sourceTree = "<group>"; };
		7A8EE9122CF552F4002D742B /* RMLocationViewModel.swift */ = {isa = PBXFileReference; lastKnownFileType = sourcecode.swift; path = RMLocationViewModel.swift; sourceTree = "<group>"; };
		7A9A8AED2CF7BF4C00D1140C /* RMFilterView.swift */ = {isa = PBXFileReference; lastKnownFileType = sourcecode.swift; path = RMFilterView.swift; sourceTree = "<group>"; };
		7AD86F7E2CF6833900373ECB /* RMEpisodeViewModel.swift */ = {isa = PBXFileReference; lastKnownFileType = sourcecode.swift; path = RMEpisodeViewModel.swift; sourceTree = "<group>"; };
/* End PBXFileReference section */

/* Begin PBXFrameworksBuildPhase section */
		7A4D70E62CEFC59E009F88A3 /* Frameworks */ = {
			isa = PBXFrameworksBuildPhase;
			buildActionMask = 2147483647;
			files = (
			);
			runOnlyForDeploymentPostprocessing = 0;
		};
/* End PBXFrameworksBuildPhase section */

/* Begin PBXGroup section */
		7A316EBC2CF1405700A97B6A /* Extensions */ = {
			isa = PBXGroup;
			children = (
				7A316EBD2CF1406900A97B6A /* ColorExtension.swift */,
			);
			path = Extensions;
			sourceTree = "<group>";
		};
		7A4D70E02CEFC59E009F88A3 = {
			isa = PBXGroup;
			children = (
				7A4D70EB2CEFC59E009F88A3 /* RickAndMorty */,
				7A4D70EA2CEFC59E009F88A3 /* Products */,
			);
			sourceTree = "<group>";
		};
		7A4D70EA2CEFC59E009F88A3 /* Products */ = {
			isa = PBXGroup;
			children = (
				7A4D70E92CEFC59E009F88A3 /* RickAndMorty.app */,
			);
			name = Products;
			sourceTree = "<group>";
		};
		7A4D70EB2CEFC59E009F88A3 /* RickAndMorty */ = {
			isa = PBXGroup;
			children = (
				7A316EBC2CF1405700A97B6A /* Extensions */,
				7A5F17D12CEFD7EF003E0F45 /* APIClient */,
				7A5F17BE2CEFCDF9003E0F45 /* RMTabView */,
				7A5F17B52CEFC8C2003E0F45 /* ViewModels */,
				7A5F17B42CEFC8AC003E0F45 /* Views */,
				7A5F17B32CEFC8A6003E0F45 /* Models */,
				7A4D70EC2CEFC59E009F88A3 /* RickAndMortyApp.swift */,
				7A4D70F02CEFC5A0009F88A3 /* Assets.xcassets */,
				7A4D70F22CEFC5A0009F88A3 /* Preview Content */,
			);
			path = RickAndMorty;
			sourceTree = "<group>";
		};
		7A4D70F22CEFC5A0009F88A3 /* Preview Content */ = {
			isa = PBXGroup;
			children = (
				7A4D70F32CEFC5A0009F88A3 /* Preview Assets.xcassets */,
			);
			path = "Preview Content";
			sourceTree = "<group>";
		};
		7A5F17B32CEFC8A6003E0F45 /* Models */ = {
			isa = PBXGroup;
			children = (
				7A5F17B62CEFC8D6003E0F45 /* RMLocation.swift */,
				7A5F17BA2CEFC8FA003E0F45 /* RMCharacter.swift */,
				7A5F17BC2CEFC912003E0F45 /* RMEpisode.swift */,
				7A5F17C92CEFD460003E0F45 /* RMOrigin.swift */,
				7A5F17CB2CEFD4BF003E0F45 /* RMSingleLocation.swift */,
				7A5F17CD2CEFD5F7003E0F45 /* RMCharacterStatus.swift */,
				7A5F17CF2CEFD620003E0F45 /* RMCharacterGender.swift */,
			);
			path = Models;
			sourceTree = "<group>";
		};
		7A5F17B42CEFC8AC003E0F45 /* Views */ = {
			isa = PBXGroup;
			children = (
				7A5F17C12CEFCFB4003E0F45 /* RMCharacterListView.swift */,
				7A5F17C32CEFCFC9003E0F45 /* RMLocationListView.swift */,
				7A5F17C52CEFCFE9003E0F45 /* RMEpisodeListView.swift */,
				7A5F17C72CEFCFFA003E0F45 /* RMSettingListView.swift */,
				7A5F17E02CEFECF0003E0F45 /* RMSpecialImageView.swift */,
				7A234BEC2CF0E8F9003B546E /* RMCharacterDetailView.swift */,
				7A9A8AED2CF7BF4C00D1140C /* RMFilterView.swift */,
			);
			path = Views;
			sourceTree = "<group>";
		};
		7A5F17B52CEFC8C2003E0F45 /* ViewModels */ = {
			isa = PBXGroup;
			children = (
				7A5F17DA2CEFE572003E0F45 /* RMCharacterViewModel.swift */,
				7A8EE9122CF552F4002D742B /* RMLocationViewModel.swift */,
				7AD86F7E2CF6833900373ECB /* RMEpisodeViewModel.swift */,
			);
			path = ViewModels;
			sourceTree = "<group>";
		};
		7A5F17BE2CEFCDF9003E0F45 /* RMTabView */ = {
			isa = PBXGroup;
			children = (
				7A4D70EE2CEFC59E009F88A3 /* RMTabView.swift */,
				7A5F17BF2CEFCE5E003E0F45 /* RMTabIndex.swift */,
			);
			path = RMTabView;
			sourceTree = "<group>";
		};
		7A5F17D12CEFD7EF003E0F45 /* APIClient */ = {
			isa = PBXGroup;
			children = (
				7A5F17D42CEFD821003E0F45 /* RMRequest.swift */,
				7A5F17DC2CEFE9A3003E0F45 /* RMImageDownloader.swift */,
			);
			path = APIClient;
			sourceTree = "<group>";
		};
/* End PBXGroup section */

/* Begin PBXNativeTarget section */
		7A4D70E82CEFC59E009F88A3 /* RickAndMorty */ = {
			isa = PBXNativeTarget;
			buildConfigurationList = 7A4D70F72CEFC5A0009F88A3 /* Build configuration list for PBXNativeTarget "RickAndMorty" */;
			buildPhases = (
				7A4D70E52CEFC59E009F88A3 /* Sources */,
				7A4D70E62CEFC59E009F88A3 /* Frameworks */,
				7A4D70E72CEFC59E009F88A3 /* Resources */,
			);
			buildRules = (
			);
			dependencies = (
			);
			name = RickAndMorty;
			productName = RickAndMorty;
			productReference = 7A4D70E92CEFC59E009F88A3 /* RickAndMorty.app */;
			productType = "com.apple.product-type.application";
		};
/* End PBXNativeTarget section */

/* Begin PBXProject section */
		7A4D70E12CEFC59E009F88A3 /* Project object */ = {
			isa = PBXProject;
			attributes = {
				BuildIndependentTargetsInParallel = 1;
				LastSwiftUpdateCheck = 1520;
				LastUpgradeCheck = 1520;
				TargetAttributes = {
					7A4D70E82CEFC59E009F88A3 = {
						CreatedOnToolsVersion = 15.2;
					};
				};
			};
			buildConfigurationList = 7A4D70E42CEFC59E009F88A3 /* Build configuration list for PBXProject "RickAndMorty" */;
			compatibilityVersion = "Xcode 14.0";
			developmentRegion = en;
			hasScannedForEncodings = 0;
			knownRegions = (
				en,
				Base,
			);
			mainGroup = 7A4D70E02CEFC59E009F88A3;
			productRefGroup = 7A4D70EA2CEFC59E009F88A3 /* Products */;
			projectDirPath = "";
			projectRoot = "";
			targets = (
				7A4D70E82CEFC59E009F88A3 /* RickAndMorty */,
			);
		};
/* End PBXProject section */

/* Begin PBXResourcesBuildPhase section */
		7A4D70E72CEFC59E009F88A3 /* Resources */ = {
			isa = PBXResourcesBuildPhase;
			buildActionMask = 2147483647;
			files = (
				7A4D70F42CEFC5A0009F88A3 /* Preview Assets.xcassets in Resources */,
				7A4D70F12CEFC5A0009F88A3 /* Assets.xcassets in Resources */,
			);
			runOnlyForDeploymentPostprocessing = 0;
		};
/* End PBXResourcesBuildPhase section */

/* Begin PBXSourcesBuildPhase section */
		7A4D70E52CEFC59E009F88A3 /* Sources */ = {
			isa = PBXSourcesBuildPhase;
			buildActionMask = 2147483647;
			files = (
				7A8EE9132CF552F4002D742B /* RMLocationViewModel.swift in Sources */,
				7A5F17C62CEFCFE9003E0F45 /* RMEpisodeListView.swift in Sources */,
				7A5F17CA2CEFD460003E0F45 /* RMOrigin.swift in Sources */,
				7A5F17D52CEFD821003E0F45 /* RMRequest.swift in Sources */,
				7A234BED2CF0E8F9003B546E /* RMCharacterDetailView.swift in Sources */,
				7AD86F7F2CF6833900373ECB /* RMEpisodeViewModel.swift in Sources */,
				7A4D70EF2CEFC59E009F88A3 /* RMTabView.swift in Sources */,
				7A5F17E12CEFECF0003E0F45 /* RMSpecialImageView.swift in Sources */,
				7A5F17D02CEFD620003E0F45 /* RMCharacterGender.swift in Sources */,
				7A5F17C82CEFCFFA003E0F45 /* RMSettingListView.swift in Sources */,
				7A9A8AEE2CF7BF4C00D1140C /* RMFilterView.swift in Sources */,
				7A5F17B72CEFC8D6003E0F45 /* RMLocation.swift in Sources */,
				7A5F17C42CEFCFC9003E0F45 /* RMLocationListView.swift in Sources */,
				7A5F17BD2CEFC912003E0F45 /* RMEpisode.swift in Sources */,
				7A5F17CC2CEFD4BF003E0F45 /* RMSingleLocation.swift in Sources */,
				7A5F17DD2CEFE9A3003E0F45 /* RMImageDownloader.swift in Sources */,
				7A5F17CE2CEFD5F7003E0F45 /* RMCharacterStatus.swift in Sources */,
				7A5F17C02CEFCE5E003E0F45 /* RMTabIndex.swift in Sources */,
				7A4D70ED2CEFC59E009F88A3 /* RickAndMortyApp.swift in Sources */,
				7A5F17C22CEFCFB4003E0F45 /* RMCharacterListView.swift in Sources */,
				7A5F17BB2CEFC8FA003E0F45 /* RMCharacter.swift in Sources */,
				7A5F17DB2CEFE572003E0F45 /* RMCharacterViewModel.swift in Sources */,
				7A316EBE2CF1406900A97B6A /* ColorExtension.swift in Sources */,
			);
			runOnlyForDeploymentPostprocessing = 0;
		};
/* End PBXSourcesBuildPhase section */

/* Begin XCBuildConfiguration section */
		7A4D70F52CEFC5A0009F88A3 /* Debug */ = {
			isa = XCBuildConfiguration;
			buildSettings = {
				ALWAYS_SEARCH_USER_PATHS = NO;
				ASSETCATALOG_COMPILER_GENERATE_SWIFT_ASSET_SYMBOL_EXTENSIONS = YES;
				CLANG_ANALYZER_NONNULL = YES;
				CLANG_ANALYZER_NUMBER_OBJECT_CONVERSION = YES_AGGRESSIVE;
				CLANG_CXX_LANGUAGE_STANDARD = "gnu++20";
				CLANG_ENABLE_MODULES = YES;
				CLANG_ENABLE_OBJC_ARC = YES;
				CLANG_ENABLE_OBJC_WEAK = YES;
				CLANG_WARN_BLOCK_CAPTURE_AUTORELEASING = YES;
				CLANG_WARN_BOOL_CONVERSION = YES;
				CLANG_WARN_COMMA = YES;
				CLANG_WARN_CONSTANT_CONVERSION = YES;
				CLANG_WARN_DEPRECATED_OBJC_IMPLEMENTATIONS = YES;
				CLANG_WARN_DIRECT_OBJC_ISA_USAGE = YES_ERROR;
				CLANG_WARN_DOCUMENTATION_COMMENTS = YES;
				CLANG_WARN_EMPTY_BODY = YES;
				CLANG_WARN_ENUM_CONVERSION = YES;
				CLANG_WARN_INFINITE_RECURSION = YES;
				CLANG_WARN_INT_CONVERSION = YES;
				CLANG_WARN_NON_LITERAL_NULL_CONVERSION = YES;
				CLANG_WARN_OBJC_IMPLICIT_RETAIN_SELF = YES;
				CLANG_WARN_OBJC_LITERAL_CONVERSION = YES;
				CLANG_WARN_OBJC_ROOT_CLASS = YES_ERROR;
				CLANG_WARN_QUOTED_INCLUDE_IN_FRAMEWORK_HEADER = YES;
				CLANG_WARN_RANGE_LOOP_ANALYSIS = YES;
				CLANG_WARN_STRICT_PROTOTYPES = YES;
				CLANG_WARN_SUSPICIOUS_MOVE = YES;
				CLANG_WARN_UNGUARDED_AVAILABILITY = YES_AGGRESSIVE;
				CLANG_WARN_UNREACHABLE_CODE = YES;
				CLANG_WARN__DUPLICATE_METHOD_MATCH = YES;
				COPY_PHASE_STRIP = NO;
				DEBUG_INFORMATION_FORMAT = dwarf;
				ENABLE_STRICT_OBJC_MSGSEND = YES;
				ENABLE_TESTABILITY = YES;
				ENABLE_USER_SCRIPT_SANDBOXING = YES;
				GCC_C_LANGUAGE_STANDARD = gnu17;
				GCC_DYNAMIC_NO_PIC = NO;
				GCC_NO_COMMON_BLOCKS = YES;
				GCC_OPTIMIZATION_LEVEL = 0;
				GCC_PREPROCESSOR_DEFINITIONS = (
					"DEBUG=1",
					"$(inherited)",
				);
				GCC_WARN_64_TO_32_BIT_CONVERSION = YES;
				GCC_WARN_ABOUT_RETURN_TYPE = YES_ERROR;
				GCC_WARN_UNDECLARED_SELECTOR = YES;
				GCC_WARN_UNINITIALIZED_AUTOS = YES_AGGRESSIVE;
				GCC_WARN_UNUSED_FUNCTION = YES;
				GCC_WARN_UNUSED_VARIABLE = YES;
				IPHONEOS_DEPLOYMENT_TARGET = 17.2;
				LOCALIZATION_PREFERS_STRING_CATALOGS = YES;
				MTL_ENABLE_DEBUG_INFO = INCLUDE_SOURCE;
				MTL_FAST_MATH = YES;
				ONLY_ACTIVE_ARCH = YES;
				SDKROOT = iphoneos;
				SWIFT_ACTIVE_COMPILATION_CONDITIONS = "DEBUG $(inherited)";
				SWIFT_OPTIMIZATION_LEVEL = "-Onone";
			};
			name = Debug;
		};
		7A4D70F62CEFC5A0009F88A3 /* Release */ = {
			isa = XCBuildConfiguration;
			buildSettings = {
				ALWAYS_SEARCH_USER_PATHS = NO;
				ASSETCATALOG_COMPILER_GENERATE_SWIFT_ASSET_SYMBOL_EXTENSIONS = YES;
				CLANG_ANALYZER_NONNULL = YES;
				CLANG_ANALYZER_NUMBER_OBJECT_CONVERSION = YES_AGGRESSIVE;
				CLANG_CXX_LANGUAGE_STANDARD = "gnu++20";
				CLANG_ENABLE_MODULES = YES;
				CLANG_ENABLE_OBJC_ARC = YES;
				CLANG_ENABLE_OBJC_WEAK = YES;
				CLANG_WARN_BLOCK_CAPTURE_AUTORELEASING = YES;
				CLANG_WARN_BOOL_CONVERSION = YES;
				CLANG_WARN_COMMA = YES;
				CLANG_WARN_CONSTANT_CONVERSION = YES;
				CLANG_WARN_DEPRECATED_OBJC_IMPLEMENTATIONS = YES;
				CLANG_WARN_DIRECT_OBJC_ISA_USAGE = YES_ERROR;
				CLANG_WARN_DOCUMENTATION_COMMENTS = YES;
				CLANG_WARN_EMPTY_BODY = YES;
				CLANG_WARN_ENUM_CONVERSION = YES;
				CLANG_WARN_INFINITE_RECURSION = YES;
				CLANG_WARN_INT_CONVERSION = YES;
				CLANG_WARN_NON_LITERAL_NULL_CONVERSION = YES;
				CLANG_WARN_OBJC_IMPLICIT_RETAIN_SELF = YES;
				CLANG_WARN_OBJC_LITERAL_CONVERSION = YES;
				CLANG_WARN_OBJC_ROOT_CLASS = YES_ERROR;
				CLANG_WARN_QUOTED_INCLUDE_IN_FRAMEWORK_HEADER = YES;
				CLANG_WARN_RANGE_LOOP_ANALYSIS = YES;
				CLANG_WARN_STRICT_PROTOTYPES = YES;
				CLANG_WARN_SUSPICIOUS_MOVE = YES;
				CLANG_WARN_UNGUARDED_AVAILABILITY = YES_AGGRESSIVE;
				CLANG_WARN_UNREACHABLE_CODE = YES;
				CLANG_WARN__DUPLICATE_METHOD_MATCH = YES;
				COPY_PHASE_STRIP = NO;
				DEBUG_INFORMATION_FORMAT = "dwarf-with-dsym";
				ENABLE_NS_ASSERTIONS = NO;
				ENABLE_STRICT_OBJC_MSGSEND = YES;
				ENABLE_USER_SCRIPT_SANDBOXING = YES;
				GCC_C_LANGUAGE_STANDARD = gnu17;
				GCC_NO_COMMON_BLOCKS = YES;
				GCC_WARN_64_TO_32_BIT_CONVERSION = YES;
				GCC_WARN_ABOUT_RETURN_TYPE = YES_ERROR;
				GCC_WARN_UNDECLARED_SELECTOR = YES;
				GCC_WARN_UNINITIALIZED_AUTOS = YES_AGGRESSIVE;
				GCC_WARN_UNUSED_FUNCTION = YES;
				GCC_WARN_UNUSED_VARIABLE = YES;
				IPHONEOS_DEPLOYMENT_TARGET = 17.2;
				LOCALIZATION_PREFERS_STRING_CATALOGS = YES;
				MTL_ENABLE_DEBUG_INFO = NO;
				MTL_FAST_MATH = YES;
				SDKROOT = iphoneos;
				SWIFT_COMPILATION_MODE = wholemodule;
				VALIDATE_PRODUCT = YES;
			};
			name = Release;
		};
		7A4D70F82CEFC5A0009F88A3 /* Debug */ = {
			isa = XCBuildConfiguration;
			buildSettings = {
				ASSETCATALOG_COMPILER_APPICON_NAME = AppIcon;
				ASSETCATALOG_COMPILER_GLOBAL_ACCENT_COLOR_NAME = AccentColor;
				CODE_SIGN_STYLE = Automatic;
				CURRENT_PROJECT_VERSION = 1;
				DEVELOPMENT_ASSET_PATHS = "\"RickAndMorty/Preview Content\"";
				DEVELOPMENT_TEAM = 4XNN6ZDQ75;
				ENABLE_PREVIEWS = YES;
				GENERATE_INFOPLIST_FILE = YES;
				INFOPLIST_KEY_UIApplicationSceneManifest_Generation = YES;
				INFOPLIST_KEY_UIApplicationSupportsIndirectInputEvents = YES;
				INFOPLIST_KEY_UILaunchScreen_Generation = YES;
				INFOPLIST_KEY_UISupportedInterfaceOrientations_iPad = "UIInterfaceOrientationPortrait UIInterfaceOrientationPortraitUpsideDown UIInterfaceOrientationLandscapeLeft UIInterfaceOrientationLandscapeRight";
				INFOPLIST_KEY_UISupportedInterfaceOrientations_iPhone = "UIInterfaceOrientationPortrait UIInterfaceOrientationLandscapeLeft UIInterfaceOrientationLandscapeRight";
				LD_RUNPATH_SEARCH_PATHS = (
					"$(inherited)",
					"@executable_path/Frameworks",
				);
				MARKETING_VERSION = 1.0;
				PRODUCT_BUNDLE_IDENTIFIER = com.ebru.RickAndMorty;
				PRODUCT_NAME = "$(TARGET_NAME)";
				SWIFT_EMIT_LOC_STRINGS = YES;
				SWIFT_VERSION = 5.0;
				TARGETED_DEVICE_FAMILY = "1,2";
			};
			name = Debug;
		};
		7A4D70F92CEFC5A0009F88A3 /* Release */ = {
			isa = XCBuildConfiguration;
			buildSettings = {
				ASSETCATALOG_COMPILER_APPICON_NAME = AppIcon;
				ASSETCATALOG_COMPILER_GLOBAL_ACCENT_COLOR_NAME = AccentColor;
				CODE_SIGN_STYLE = Automatic;
				CURRENT_PROJECT_VERSION = 1;
				DEVELOPMENT_ASSET_PATHS = "\"RickAndMorty/Preview Content\"";
				DEVELOPMENT_TEAM = 4XNN6ZDQ75;
				ENABLE_PREVIEWS = YES;
				GENERATE_INFOPLIST_FILE = YES;
				INFOPLIST_KEY_UIApplicationSceneManifest_Generation = YES;
				INFOPLIST_KEY_UIApplicationSupportsIndirectInputEvents = YES;
				INFOPLIST_KEY_UILaunchScreen_Generation = YES;
				INFOPLIST_KEY_UISupportedInterfaceOrientations_iPad = "UIInterfaceOrientationPortrait UIInterfaceOrientationPortraitUpsideDown UIInterfaceOrientationLandscapeLeft UIInterfaceOrientationLandscapeRight";
				INFOPLIST_KEY_UISupportedInterfaceOrientations_iPhone = "UIInterfaceOrientationPortrait UIInterfaceOrientationLandscapeLeft UIInterfaceOrientationLandscapeRight";
				LD_RUNPATH_SEARCH_PATHS = (
					"$(inherited)",
					"@executable_path/Frameworks",
				);
				MARKETING_VERSION = 1.0;
				PRODUCT_BUNDLE_IDENTIFIER = com.ebru.RickAndMorty;
				PRODUCT_NAME = "$(TARGET_NAME)";
				SWIFT_EMIT_LOC_STRINGS = YES;
				SWIFT_VERSION = 5.0;
				TARGETED_DEVICE_FAMILY = "1,2";
			};
			name = Release;
		};
/* End XCBuildConfiguration section */

/* Begin XCConfigurationList section */
		7A4D70E42CEFC59E009F88A3 /* Build configuration list for PBXProject "RickAndMorty" */ = {
			isa = XCConfigurationList;
			buildConfigurations = (
				7A4D70F52CEFC5A0009F88A3 /* Debug */,
				7A4D70F62CEFC5A0009F88A3 /* Release */,
			);
			defaultConfigurationIsVisible = 0;
			defaultConfigurationName = Release;
		};
		7A4D70F72CEFC5A0009F88A3 /* Build configuration list for PBXNativeTarget "RickAndMorty" */ = {
			isa = XCConfigurationList;
			buildConfigurations = (
				7A4D70F82CEFC5A0009F88A3 /* Debug */,
				7A4D70F92CEFC5A0009F88A3 /* Release */,
			);
			defaultConfigurationIsVisible = 0;
			defaultConfigurationName = Release;
		};
/* End XCConfigurationList section */
	};
	rootObject = 7A4D70E12CEFC59E009F88A3 /* Project object */;
}
